schema: '2.0'
stages:
  data_ingestion:
    cmd: python src/cnnClassifier/pipeline/stage_01_data_ingestion.py
    deps:
    - path: config/config.yaml
      hash: md5
      md5: 26e331180b780358284a1253c4ecf37e
      size: 814
    - path: src/cnnClassifier/pipeline/stage_01_data_ingestion.py
      hash: md5
      md5: c02ff3ae4564a620c047345deb46d083
      size: 997
    outs:
    - path: artifacts/data_ingestion/Chicken-fecal-images
      hash: md5
      md5: 9e1f8dd2eae3c29e9d635df89d438ae4.dir
      size: 12207807
      nfiles: 390
  prepare_base_model:
    cmd: python src/cnnClassifier/pipeline/stage_02_prepare_base_model.py
    deps:
    - path: config/config.yaml
      hash: md5
      md5: 26e331180b780358284a1253c4ecf37e
      size: 814
    - path: src/cnnClassifier/pipeline/stage_02_prepare_base_model.py
      hash: md5
      md5: b22ca99074db8942d59985e4ba085cfe
      size: 1034
    params:
      params.yaml:
        CLASSES: 2
        IMAGE_SIZE:
        - 224
        - 224
        - 3
        INCLUDE_TOP: false
        LEARNING_RATE: 0.01
        WEIGHTS: imagenet
    outs:
    - path: artifacts/prepare_base_model
      hash: md5
      md5: e6939b975ab4ea96b28322a13cf87dd4.dir
      size: 118056533
      nfiles: 2
  training:
    cmd: python src/cnnClassifier/pipeline/stage_03_training.py
    deps:
    - path: artifacts/data_ingestion/Chicken-fecal-images
      hash: md5
      md5: 9e1f8dd2eae3c29e9d635df89d438ae4.dir
      size: 12207807
      nfiles: 390
    - path: artifacts/prepare_base_model
      hash: md5
      md5: e6939b975ab4ea96b28322a13cf87dd4.dir
      size: 118056533
      nfiles: 2
    - path: config/config.yaml
      hash: md5
      md5: 26e331180b780358284a1253c4ecf37e
      size: 814
    - path: src/cnnClassifier/pipeline/stage_03_training.py
      hash: md5
      md5: 42b826b504f3895dd9aa0682a2316f70
      size: 1341
    params:
      params.yaml:
        AUGMENTATION: true
        BATCH_SIZE: 16
        EPOCHS: 1
        IMAGE_SIZE:
        - 224
        - 224
        - 3
    outs:
    - path: artifacts/training/model.keras
      hash: md5
      md5: 7f83a0eb2690606421f03f7ba7b56644
      size: 59133303
  evaluation:
    cmd: python src/cnnClassifier/pipeline/stage_04_evaluation.py
    deps:
    - path: artifacts/data_ingestion/Chicken-fecal-images
      hash: md5
      md5: 9e1f8dd2eae3c29e9d635df89d438ae4.dir
      size: 12207807
      nfiles: 390
    - path: artifacts/training/model.keras
      hash: md5
      md5: 7f83a0eb2690606421f03f7ba7b56644
      size: 59133303
    - path: config/config.yaml
      hash: md5
      md5: 26e331180b780358284a1253c4ecf37e
      size: 814
    - path: src/cnnClassifier/pipeline/stage_04_evaluation.py
      hash: md5
      md5: 6e4d04bc2ea7289619f4c5f5ec3f1c88
      size: 906
    params:
      params.yaml:
        BATCH_SIZE: 16
        IMAGE_SIZE:
        - 224
        - 224
        - 3
    outs:
    - path: scores.json
      hash: md5
      md5: 5da16571f4422ff9feed050f28b09b9b
      size: 57
